# This file is automatically @generated by Cargo.
# It is not intended for manual editing.
version = 4

[[package]]
name = "control-flow-conditionals"
version = "0.1.0"

[[package]]
name = "mutable"
version = "0.1.0"

[[package]]
name = "shadowing"
version = "0.1.0"

[[package]]
name = "variables"
version = "0.1.0"
